
Microsoft Visual Studio Solution File, Format Version 12.00
# Visual Studio Version 16
VisualStudioVersion = 16.0.31019.35
MinimumVisualStudioVersion = 10.0.40219.1
Project("{8BC9CEB8-8B4A-11D0-8D11-00A0C91BC942}") = "LinkedList", "LinkedList.vcxproj", "{4AB2B96E-0AE5-48ED-A3D8-EED9AE7433BF}"
EndProject
Global
	GlobalSection(SolutionConfigurationPlatforms) = preSolution
		Debug|x64 = Debug|x64
		Debug|x86 = Debug|x86
		Release|x64 = Release|x64
		Release|x86 = Release|x86
	EndGlobalSection
	GlobalSection(ProjectConfigurationPlatforms) = postSolution
		{4AB2B96E-0AE5-48ED-A3D8-EED9AE7433BF}.Debug|x64.ActiveCfg = Debug|x64
		{4AB2B96E-0AE5-48ED-A3D8-EED9AE7433BF}.Debug|x64.Build.0 = Debug|x64
		{4AB2B96E-0AE5-48ED-A3D8-EED9AE7433BF}.Debug|x86.ActiveCfg = Debug|Win32
		{4AB2B96E-0AE5-48ED-A3D8-EED9AE7433BF}.Debug|x86.Build.0 = Debug|Win32
		{4AB2B96E-0AE5-48ED-A3D8-EED9AE7433BF}.Release|x64.ActiveCfg = Release|x64
		{4AB2B96E-0AE5-48ED-A3D8-EED9AE7433BF}.Release|x64.Build.0 = Release|x64
		{4AB2B96E-0AE5-48ED-A3D8-EED9AE7433BF}.Release|x86.ActiveCfg = Release|Win32
		{4AB2B96E-0AE5-48ED-A3D8-EED9AE7433BF}.Release|x86.Build.0 = Release|Win32
	EndGlobalSection
	GlobalSection(SolutionProperties) = preSolution
		HideSolutionNode = FALSE
	EndGlobalSection
	GlobalSection(ExtensibilityGlobals) = postSolution
		SolutionGuid = {FED8100E-7123-44F9-8628-0B6557E4A919}
	EndGlobalSection
EndGlobal
